{
  "nodes": {
    "cpu-microcodes": {
      "flake": false,
      "locked": {
        "lastModified": 1774217076,
        "narHash": "sha256-30FsjMDFzZ8zuEqt/wxxnNQ8vc2tp7fa1EyI+VxPj1g=",
        "owner": "platomav",
        "repo": "CPUMicrocodes",
        "rev": "efd81b0446842e952aa848ca10a659f0a5ed3bad",
        "type": "github"
      },
      "original": {
        "owner": "platomav",
        "repo": "CPUMicrocodes",
        "rev": "efd81b0446842e952aa848ca10a659f0a5ed3bad",
        "type": "github"
      }
    },
    "home-manager": {
      "inputs": {
        "nixpkgs": [
          "nixpkgs"
        ]
      },
      "locked": {
        "lastModified": 1775047159,
        "narHash": "sha256-UWM4VZvfKaPwA9FMu7iZha5YAE8vsEtUazk+rFxmbTY=",
        "owner": "nix-community",
        "repo": "home-manager",
        "rev": "1ce9e62690dfdd7e76bd266ccb9a887778410eb2",
        "type": "github"
      },
      "original": {
        "owner": "nix-community",
        "repo": "home-manager",
        "type": "github"
      }
    },
    "nixpkgs": {
      "locked": {
        "lastModified": 1774709303,
        "narHash": "sha256-D3Q07BbIA2KnTcSXIqqu9P586uWxN74zNoCH3h2ESHg=",
        "owner": "NixOS",
        "repo": "nixpkgs",
        "rev": "8110df5ad7abf5d4c0f6fb0f8f978390e77f9685",
        "type": "github"
      },
      "original": {
        "owner": "NixOS",
        "ref": "nixos-unstable",
        "repo": "nixpkgs",
        "type": "github"
      }
    },
    "nixpkgs-custom": {
      "locked": {
        "lastModified": 1773902768,
        "narHash": "sha256-5dsQ6L7Thb61CWO0KClwql21vut8VcdZT0KmWUPS5VA=",
        "owner": "mbwilding",
        "repo": "nixpkgs",
        "rev": "9125043887d91e45d377124bd548f98bdc6851d8",
        "type": "github"
      },
      "original": {
        "owner": "mbwilding",
        "ref": "typescript-go",
        "repo": "nixpkgs",
        "type": "github"
      }
    },
    "nixpkgs-master": {
      "locked": {
        "lastModified": 1775047552,
        "narHash": "sha256-fH6P7KerqJlSCF4EWE1UY08ixkavY4DsdvF5xsnf+5U=",
        "owner": "NixOS",
        "repo": "nixpkgs",
        "rev": "7e711a9e4ada9449d6a0afed9df3bec3f42535b0",
        "type": "github"
      },
      "original": {
        "owner": "NixOS",
        "ref": "master",
        "repo": "nixpkgs",
        "type": "github"
      }
    },
    "nixpkgs-stable": {
      "locked": {
        "lastModified": 1775002709,
        "narHash": "sha256-d3Yx83vSrN+2z/loBh4mJpyRqr9aAJqlke4TkpFmRJA=",
        "owner": "NixOS",
        "repo": "nixpkgs",
        "rev": "bcd464ccd2a1a7cd09aa2f8d4ffba83b761b1d0e",
        "type": "github"
      },
      "original": {
        "owner": "NixOS",
        "ref": "nixos-25.11",
        "repo": "nixpkgs",
        "type": "github"
      }
    },
    "plasma-manager": {
      "inputs": {
        "home-manager": [
          "home-manager"
        ],
        "nixpkgs": [
          "nixpkgs"
        ]
      },
      "locked": {
        "lastModified": 1774915545,
        "narHash": "sha256-COT4l/+ZddGBvrDVfPf7MEOJxV8EDKame6/aRnNIKcY=",
        "owner": "nix-community",
        "repo": "plasma-manager",
        "rev": "f3177b3c69fb3f03201098d7fe8ab6422cce7fc1",
        "type": "github"
      },
      "original": {
        "owner": "nix-community",
        "repo": "plasma-manager",
        "type": "github"
      }
    },
    "root": {
      "inputs": {
        "home-manager": "home-manager",
        "nixpkgs": "nixpkgs",
        "nixpkgs-custom": "nixpkgs-custom",
        "nixpkgs-master": "nixpkgs-master",
        "nixpkgs-stable": "nixpkgs-stable",
        "plasma-manager": "plasma-manager",
        "solaar": "solaar",
        "ucodenix": "ucodenix"
      }
    },
    "solaar": {
      "flake": false,
      "locked": {
        "lastModified": 1774474400,
        "narHash": "sha256-2HFGYMJ458eMK+VWsqWmXme4sXaNrRtmE7MN1wLkFWs=",
        "owner": "caioquirino",
        "repo": "Solaar",
        "rev": "a3d2dbd869ac7e1b3fcf2cc709110dd919feb3fc",
        "type": "github"
      },
      "original": {
        "owner": "caioquirino",
        "ref": "feat/pro-x-2-superstrike",
        "repo": "Solaar",
        "type": "github"
      }
    },
    "ucodenix": {
      "inputs": {
        "cpu-microcodes": "cpu-microcodes"
      },
      "locked": {
        "lastModified": 1774278023,
        "narHash": "sha256-CdAsDvDYKanRvtvGOn/E2KjrrZk9Cu/eNdvCVynwzPQ=",
        "owner": "e-tho",
        "repo": "ucodenix",
        "rev": "b04dc47972b80e538b81892b957ecce281430d33",
        "type": "github"
      },
      "original": {
        "owner": "e-tho",
        "repo": "ucodenix",
        "type": "github"
      }
    }
  },
  "root": "root",
  "version": 7
}
